# This file is generated by running "yarn install" inside your project.
# Manual changes might be lost - proceed with caution!

__metadata:
  version: 8
  cacheKey: 10c0

"@salivra/shared@workspace:.":
  version: 0.0.0-use.local
  resolution: "@salivra/shared@workspace:."
  dependencies:
    typescript: "npm:^5.3.3"
    zod: "npm:^3.25.28"
  languageName: unknown
  linkType: soft

"typescript@npm:^5.3.3":
  version: 5.8.3
  resolution: "typescript@npm:5.8.3"
  bin:
    tsc: bin/tsc
    tsserver: bin/tsserver
  checksum: 10c0/5f8bb01196e542e64d44db3d16ee0e4063ce4f3e3966df6005f2588e86d91c03e1fb131c2581baf0fb65ee79669eea6e161cd448178986587e9f6844446dbb48
  languageName: node
  linkType: hard

"typescript@patch:typescript@npm%3A^5.3.3#optional!builtin<compat/typescript>":
  version: 5.8.3
  resolution: "typescript@patch:typescript@npm%3A5.8.3#optional!builtin<compat/typescript>::version=5.8.3&hash=5786d5"
  bin:
    tsc: bin/tsc
    tsserver: bin/tsserver
  checksum: 10c0/39117e346ff8ebd87ae1510b3a77d5d92dae5a89bde588c747d25da5c146603a99c8ee588c7ef80faaf123d89ed46f6dbd918d534d641083177d5fac38b8a1cb
  languageName: node
  linkType: hard

"zod@npm:^3.25.28":
  version: 3.25.28
  resolution: "zod@npm:3.25.28"
  checksum: 10c0/557fb621813d128f8090c43de65f9e8661ce9bd8bd29d7adc6b38b0a79e14729a8926e28a2e6eee2fa0ec0ea390cc549363f50235e8f45d2e4771906d1f87b20
  languageName: node
  linkType: hard
